// !$*UTF8*$!
{
	archiveVersion = 1;
	classes = {
	};
	objectVersion = 56;
	objects = {

/* Begin PBXBuildFile section */
		BCACC9172BACEE28003F5D4B /* mealdbApp.swift in Sources */ = {isa = PBXBuildFile; fileRef = BCACC9162BACEE28003F5D4B /* mealdbApp.swift */; };
		BCACC9192BACEE28003F5D4B /* ContentView.swift in Sources */ = {isa = PBXBuildFile; fileRef = BCACC9182BACEE28003F5D4B /* ContentView.swift */; };
		BCACC91B2BACEE2A003F5D4B /* Assets.xcassets in Resources */ = {isa = PBXBuildFile; fileRef = BCACC91A2BACEE2A003F5D4B /* Assets.xcassets */; };
		BCACC91E2BACEE2A003F5D4B /* Preview Assets.xcassets in Resources */ = {isa = PBXBuildFile; fileRef = BCACC91D2BACEE2A003F5D4B /* Preview Assets.xcassets */; };
		BCACC9282BACEE2A003F5D4B /* mealdbTests.swift in Sources */ = {isa = PBXBuildFile; fileRef = BCACC9272BACEE2A003F5D4B /* mealdbTests.swift */; };
		BCACC9322BACEE2A003F5D4B /* mealdbUITests.swift in Sources */ = {isa = PBXBuildFile; fileRef = BCACC9312BACEE2A003F5D4B /* mealdbUITests.swift */; };
		BCACC9342BACEE2A003F5D4B /* mealdbUITestsLaunchTests.swift in Sources */ = {isa = PBXBuildFile; fileRef = BCACC9332BACEE2A003F5D4B /* mealdbUITestsLaunchTests.swift */; };
		BCACC9412BACF09D003F5D4B /* Meals.swift in Sources */ = {isa = PBXBuildFile; fileRef = BCACC9402BACF09C003F5D4B /* Meals.swift */; };
		BCACC9452BAD0A97003F5D4B /* MealDetailsView.swift in Sources */ = {isa = PBXBuildFile; fileRef = BCACC9442BAD0A96003F5D4B /* MealDetailsView.swift */; };
		BCACC9472BAD0DF3003F5D4B /* MealDetails.swift in Sources */ = {isa = PBXBuildFile; fileRef = BCACC9462BAD0DF3003F5D4B /* MealDetails.swift */; };
		BCACC9492BAD2C08003F5D4B /* SplashScreenView.swift in Sources */ = {isa = PBXBuildFile; fileRef = BCACC9482BAD2C08003F5D4B /* SplashScreenView.swift */; };
/* End PBXBuildFile section */

/* Begin PBXContainerItemProxy section */
		BCACC9242BACEE2A003F5D4B /* PBXContainerItemProxy */ = {
			isa = PBXContainerItemProxy;
			containerPortal = BCACC90B2BACEE28003F5D4B /* Project object */;
			proxyType = 1;
			remoteGlobalIDString = BCACC9122BACEE28003F5D4B;
			remoteInfo = mealdb;
		};
		BCACC92E2BACEE2A003F5D4B /* PBXContainerItemProxy */ = {
			isa = PBXContainerItemProxy;
			containerPortal = BCACC90B2BACEE28003F5D4B /* Project object */;
			proxyType = 1;
			remoteGlobalIDString = BCACC9122BACEE28003F5D4B;
			remoteInfo = mealdb;
		};
/* End PBXContainerItemProxy section */

/* Begin PBXFileReference section */
		BCACC9132BACEE28003F5D4B /* mealdb.app */ = {isa = PBXFileReference; explicitFileType = wrapper.application; includeInIndex = 0; path = mealdb.app; sourceTree = BUILT_PRODUCTS_DIR; };
		BCACC9162BACEE28003F5D4B /* mealdbApp.swift */ = {isa = PBXFileReference; lastKnownFileType = sourcecode.swift; path = mealdbApp.swift; sourceTree = "<group>"; };
		BCACC9182BACEE28003F5D4B /* ContentView.swift */ = {isa = PBXFileReference; lastKnownFileType = sourcecode.swift; path = ContentView.swift; sourceTree = "<group>"; };
		BCACC91A2BACEE2A003F5D4B /* Assets.xcassets */ = {isa = PBXFileReference; lastKnownFileType = folder.assetcatalog; path = Assets.xcassets; sourceTree = "<group>"; };
		BCACC91D2BACEE2A003F5D4B /* Preview Assets.xcassets */ = {isa = PBXFileReference; lastKnownFileType = folder.assetcatalog; path = "Preview Assets.xcassets"; sourceTree = "<group>"; };
		BCACC9232BACEE2A003F5D4B /* mealdbTests.xctest */ = {isa = PBXFileReference; explicitFileType = wrapper.cfbundle; includeInIndex = 0; path = mealdbTests.xctest; sourceTree = BUILT_PRODUCTS_DIR; };
		BCACC9272BACEE2A003F5D4B /* mealdbTests.swift */ = {isa = PBXFileReference; lastKnownFileType = sourcecode.swift; path = mealdbTests.swift; sourceTree = "<group>"; };
		BCACC92D2BACEE2A003F5D4B /* mealdbUITests.xctest */ = {isa = PBXFileReference; explicitFileType = wrapper.cfbundle; includeInIndex = 0; path = mealdbUITests.xctest; sourceTree = BUILT_PRODUCTS_DIR; };
		BCACC9312BACEE2A003F5D4B /* mealdbUITests.swift */ = {isa = PBXFileReference; lastKnownFileType = sourcecode.swift; path = mealdbUITests.swift; sourceTree = "<group>"; };
		BCACC9332BACEE2A003F5D4B /* mealdbUITestsLaunchTests.swift */ = {isa = PBXFileReference; lastKnownFileType = sourcecode.swift; path = mealdbUITestsLaunchTests.swift; sourceTree = "<group>"; };
		BCACC9402BACF09C003F5D4B /* Meals.swift */ = {isa = PBXFileReference; lastKnownFileType = sourcecode.swift; path = Meals.swift; sourceTree = "<group>"; };
		BCACC9442BAD0A96003F5D4B /* MealDetailsView.swift */ = {isa = PBXFileReference; lastKnownFileType = sourcecode.swift; path = MealDetailsView.swift; sourceTree = "<group>"; };
		BCACC9462BAD0DF3003F5D4B /* MealDetails.swift */ = {isa = PBXFileReference; lastKnownFileType = sourcecode.swift; path = MealDetails.swift; sourceTree = "<group>"; };
		BCACC9482BAD2C08003F5D4B /* SplashScreenView.swift */ = {isa = PBXFileReference; lastKnownFileType = sourcecode.swift; path = SplashScreenView.swift; sourceTree = "<group>"; };
/* End PBXFileReference section */

/* Begin PBXFrameworksBuildPhase section */
		BCACC9102BACEE28003F5D4B /* Frameworks */ = {
			isa = PBXFrameworksBuildPhase;
			buildActionMask = 2147483647;
			files = (
			);
			runOnlyForDeploymentPostprocessing = 0;
		};
		BCACC9202BACEE2A003F5D4B /* Frameworks */ = {
			isa = PBXFrameworksBuildPhase;
			buildActionMask = 2147483647;
			files = (
			);
			runOnlyForDeploymentPostprocessing = 0;
		};
		BCACC92A2BACEE2A003F5D4B /* Frameworks */ = {
			isa = PBXFrameworksBuildPhase;
			buildActionMask = 2147483647;
			files = (
			);
			runOnlyForDeploymentPostprocessing = 0;
		};
/* End PBXFrameworksBuildPhase section */

/* Begin PBXGroup section */
		BCACC90A2BACEE28003F5D4B = {
			isa = PBXGroup;
			children = (
				BCACC9152BACEE28003F5D4B /* mealdb */,
				BCACC9262BACEE2A003F5D4B /* mealdbTests */,
				BCACC9302BACEE2A003F5D4B /* mealdbUITests */,
				BCACC9142BACEE28003F5D4B /* Products */,
			);
			sourceTree = "<group>";
		};
		BCACC9142BACEE28003F5D4B /* Products */ = {
			isa = PBXGroup;
			children = (
				BCACC9132BACEE28003F5D4B /* mealdb.app */,
				BCACC9232BACEE2A003F5D4B /* mealdbTests.xctest */,
				BCACC92D2BACEE2A003F5D4B /* mealdbUITests.xctest */,
			);
			name = Products;
			sourceTree = "<group>";
		};
		BCACC9152BACEE28003F5D4B /* mealdb */ = {
			isa = PBXGroup;
			children = (
				BCACC9162BACEE28003F5D4B /* mealdbApp.swift */,
				BCACC9182BACEE28003F5D4B /* ContentView.swift */,
				BCACC91A2BACEE2A003F5D4B /* Assets.xcassets */,
				BCACC91C2BACEE2A003F5D4B /* Preview Content */,
				BCACC9402BACF09C003F5D4B /* Meals.swift */,
				BCACC9442BAD0A96003F5D4B /* MealDetailsView.swift */,
				BCACC9462BAD0DF3003F5D4B /* MealDetails.swift */,
				BCACC9482BAD2C08003F5D4B /* SplashScreenView.swift */,
			);
			path = mealdb;
			sourceTree = "<group>";
		};
		BCACC91C2BACEE2A003F5D4B /* Preview Content */ = {
			isa = PBXGroup;
			children = (
				BCACC91D2BACEE2A003F5D4B /* Preview Assets.xcassets */,
			);
			path = "Preview Content";
			sourceTree = "<group>";
		};
		BCACC9262BACEE2A003F5D4B /* mealdbTests */ = {
			isa = PBXGroup;
			children = (
				BCACC9272BACEE2A003F5D4B /* mealdbTests.swift */,
			);
			path = mealdbTests;
			sourceTree = "<group>";
		};
		BCACC9302BACEE2A003F5D4B /* mealdbUITests */ = {
			isa = PBXGroup;
			children = (
				BCACC9312BACEE2A003F5D4B /* mealdbUITests.swift */,
				BCACC9332BACEE2A003F5D4B /* mealdbUITestsLaunchTests.swift */,
			);
			path = mealdbUITests;
			sourceTree = "<group>";
		};
/* End PBXGroup section */

/* Begin PBXNativeTarget section */
		BCACC9122BACEE28003F5D4B /* mealdb */ = {
			isa = PBXNativeTarget;
			buildConfigurationList = BCACC9372BACEE2A003F5D4B /* Build configuration list for PBXNativeTarget "mealdb" */;
			buildPhases = (
				BCACC90F2BACEE28003F5D4B /* Sources */,
				BCACC9102BACEE28003F5D4B /* Frameworks */,
				BCACC9112BACEE28003F5D4B /* Resources */,
			);
			buildRules = (
			);
			dependencies = (
			);
			name = mealdb;
			productName = mealdb;
			productReference = BCACC9132BACEE28003F5D4B /* mealdb.app */;
			productType = "com.apple.product-type.application";
		};
		BCACC9222BACEE2A003F5D4B /* mealdbTests */ = {
			isa = PBXNativeTarget;
			buildConfigurationList = BCACC93A2BACEE2A003F5D4B /* Build configuration list for PBXNativeTarget "mealdbTests" */;
			buildPhases = (
				BCACC91F2BACEE2A003F5D4B /* Sources */,
				BCACC9202BACEE2A003F5D4B /* Frameworks */,
				BCACC9212BACEE2A003F5D4B /* Resources */,
			);
			buildRules = (
			);
			dependencies = (
				BCACC9252BACEE2A003F5D4B /* PBXTargetDependency */,
			);
			name = mealdbTests;
			productName = mealdbTests;
			productReference = BCACC9232BACEE2A003F5D4B /* mealdbTests.xctest */;
			productType = "com.apple.product-type.bundle.unit-test";
		};
		BCACC92C2BACEE2A003F5D4B /* mealdbUITests */ = {
			isa = PBXNativeTarget;
			buildConfigurationList = BCACC93D2BACEE2A003F5D4B /* Build configuration list for PBXNativeTarget "mealdbUITests" */;
			buildPhases = (
				BCACC9292BACEE2A003F5D4B /* Sources */,
				BCACC92A2BACEE2A003F5D4B /* Frameworks */,
				BCACC92B2BACEE2A003F5D4B /* Resources */,
			);
			buildRules = (
			);
			dependencies = (
				BCACC92F2BACEE2A003F5D4B /* PBXTargetDependency */,
			);
			name = mealdbUITests;
			productName = mealdbUITests;
			productReference = BCACC92D2BACEE2A003F5D4B /* mealdbUITests.xctest */;
			productType = "com.apple.product-type.bundle.ui-testing";
		};
/* End PBXNativeTarget section */

/* Begin PBXProject section */
		BCACC90B2BACEE28003F5D4B /* Project object */ = {
			isa = PBXProject;
			attributes = {
				BuildIndependentTargetsInParallel = 1;
				LastSwiftUpdateCheck = 1530;
				LastUpgradeCheck = 1530;
				TargetAttributes = {
					BCACC9122BACEE28003F5D4B = {
						CreatedOnToolsVersion = 15.3;
					};
					BCACC9222BACEE2A003F5D4B = {
						CreatedOnToolsVersion = 15.3;
						TestTargetID = BCACC9122BACEE28003F5D4B;
					};
					BCACC92C2BACEE2A003F5D4B = {
						CreatedOnToolsVersion = 15.3;
						TestTargetID = BCACC9122BACEE28003F5D4B;
					};
				};
			};
			buildConfigurationList = BCACC90E2BACEE28003F5D4B /* Build configuration list for PBXProject "mealdb" */;
			compatibilityVersion = "Xcode 14.0";
			developmentRegion = en;
			hasScannedForEncodings = 0;
			knownRegions = (
				en,
				Base,
			);
			mainGroup = BCACC90A2BACEE28003F5D4B;
			productRefGroup = BCACC9142BACEE28003F5D4B /* Products */;
			projectDirPath = "";
			projectRoot = "";
			targets = (
				BCACC9122BACEE28003F5D4B /* mealdb */,
				BCACC9222BACEE2A003F5D4B /* mealdbTests */,
				BCACC92C2BACEE2A003F5D4B /* mealdbUITests */,
			);
		};
/* End PBXProject section */

/* Begin PBXResourcesBuildPhase section */
		BCACC9112BACEE28003F5D4B /* Resources */ = {
			isa = PBXResourcesBuildPhase;
			buildActionMask = 2147483647;
			files = (
				BCACC91E2BACEE2A003F5D4B /* Preview Assets.xcassets in Resources */,
				BCACC91B2BACEE2A003F5D4B /* Assets.xcassets in Resources */,
			);
			runOnlyForDeploymentPostprocessing = 0;
		};
		BCACC9212BACEE2A003F5D4B /* Resources */ = {
			isa = PBXResourcesBuildPhase;
			buildActionMask = 2147483647;
			files = (
			);
			runOnlyForDeploymentPostprocessing = 0;
		};
		BCACC92B2BACEE2A003F5D4B /* Resources */ = {
			isa = PBXResourcesBuildPhase;
			buildActionMask = 2147483647;
			files = (
			);
			runOnlyForDeploymentPostprocessing = 0;
		};
/* End PBXResourcesBuildPhase section */

/* Begin PBXSourcesBuildPhase section */
		BCACC90F2BACEE28003F5D4B /* Sources */ = {
			isa = PBXSourcesBuildPhase;
			buildActionMask = 2147483647;
			files = (
				BCACC9492BAD2C08003F5D4B /* SplashScreenView.swift in Sources */,
				BCACC9472BAD0DF3003F5D4B /* MealDetails.swift in Sources */,
				BCACC9452BAD0A97003F5D4B /* MealDetailsView.swift in Sources */,
				BCACC9412BACF09D003F5D4B /* Meals.swift in Sources */,
				BCACC9192BACEE28003F5D4B /* ContentView.swift in Sources */,
				BCACC9172BACEE28003F5D4B /* mealdbApp.swift in Sources */,
			);
			runOnlyForDeploymentPostprocessing = 0;
		};
		BCACC91F2BACEE2A003F5D4B /* Sources */ = {
			isa = PBXSourcesBuildPhase;
			buildActionMask = 2147483647;
			files = (
				BCACC9282BACEE2A003F5D4B /* mealdbTests.swift in Sources */,
			);
			runOnlyForDeploymentPostprocessing = 0;
		};
		BCACC9292BACEE2A003F5D4B /* Sources */ = {
			isa = PBXSourcesBuildPhase;
			buildActionMask = 2147483647;
			files = (
				BCACC9322BACEE2A003F5D4B /* mealdbUITests.swift in Sources */,
				BCACC9342BACEE2A003F5D4B /* mealdbUITestsLaunchTests.swift in Sources */,
			);
			runOnlyForDeploymentPostprocessing = 0;
		};
/* End PBXSourcesBuildPhase section */

/* Begin PBXTargetDependency section */
		BCACC9252BACEE2A003F5D4B /* PBXTargetDependency */ = {
			isa = PBXTargetDependency;
			target = BCACC9122BACEE28003F5D4B /* mealdb */;
			targetProxy = BCACC9242BACEE2A003F5D4B /* PBXContainerItemProxy */;
		};
		BCACC92F2BACEE2A003F5D4B /* PBXTargetDependency */ = {
			isa = PBXTargetDependency;
			target = BCACC9122BACEE28003F5D4B /* mealdb */;
			targetProxy = BCACC92E2BACEE2A003F5D4B /* PBXContainerItemProxy */;
		};
/* End PBXTargetDependency section */

/* Begin XCBuildConfiguration section */
		BCACC9352BACEE2A003F5D4B /* Debug */ = {
			isa = XCBuildConfiguration;
			buildSettings = {
				ALWAYS_SEARCH_USER_PATHS = NO;
				ASSETCATALOG_COMPILER_GENERATE_SWIFT_ASSET_SYMBOL_EXTENSIONS = YES;
				CLANG_ANALYZER_NONNULL = YES;
				CLANG_ANALYZER_NUMBER_OBJECT_CONVERSION = YES_AGGRESSIVE;
				CLANG_CXX_LANGUAGE_STANDARD = "gnu++20";
				CLANG_ENABLE_MODULES = YES;
				CLANG_ENABLE_OBJC_ARC = YES;
				CLANG_ENABLE_OBJC_WEAK = YES;
				CLANG_WARN_BLOCK_CAPTURE_AUTORELEASING = YES;
				CLANG_WARN_BOOL_CONVERSION = YES;
				CLANG_WARN_COMMA = YES;
				CLANG_WARN_CONSTANT_CONVERSION = YES;
				CLANG_WARN_DEPRECATED_OBJC_IMPLEMENTATIONS = YES;
				CLANG_WARN_DIRECT_OBJC_ISA_USAGE = YES_ERROR;
				CLANG_WARN_DOCUMENTATION_COMMENTS = YES;
				CLANG_WARN_EMPTY_BODY = YES;
				CLANG_WARN_ENUM_CONVERSION = YES;
				CLANG_WARN_INFINITE_RECURSION = YES;
				CLANG_WARN_INT_CONVERSION = YES;
				CLANG_WARN_NON_LITERAL_NULL_CONVERSION = YES;
				CLANG_WARN_OBJC_IMPLICIT_RETAIN_SELF = YES;
				CLANG_WARN_OBJC_LITERAL_CONVERSION = YES;
				CLANG_WARN_OBJC_ROOT_CLASS = YES_ERROR;
				CLANG_WARN_QUOTED_INCLUDE_IN_FRAMEWORK_HEADER = YES;
				CLANG_WARN_RANGE_LOOP_ANALYSIS = YES;
				CLANG_WARN_STRICT_PROTOTYPES = YES;
				CLANG_WARN_SUSPICIOUS_MOVE = YES;
				CLANG_WARN_UNGUARDED_AVAILABILITY = YES_AGGRESSIVE;
				CLANG_WARN_UNREACHABLE_CODE = YES;
				CLANG_WARN__DUPLICATE_METHOD_MATCH = YES;
				COPY_PHASE_STRIP = NO;
				DEBUG_INFORMATION_FORMAT = dwarf;
				ENABLE_STRICT_OBJC_MSGSEND = YES;
				ENABLE_TESTABILITY = YES;
				ENABLE_USER_SCRIPT_SANDBOXING = YES;
				GCC_C_LANGUAGE_STANDARD = gnu17;
				GCC_DYNAMIC_NO_PIC = NO;
				GCC_NO_COMMON_BLOCKS = YES;
				GCC_OPTIMIZATION_LEVEL = 0;
				GCC_PREPROCESSOR_DEFINITIONS = (
					"DEBUG=1",
					"$(inherited)",
				);
				GCC_WARN_64_TO_32_BIT_CONVERSION = YES;
				GCC_WARN_ABOUT_RETURN_TYPE = YES_ERROR;
				GCC_WARN_UNDECLARED_SELECTOR = YES;
				GCC_WARN_UNINITIALIZED_AUTOS = YES_AGGRESSIVE;
				GCC_WARN_UNUSED_FUNCTION = YES;
				GCC_WARN_UNUSED_VARIABLE = YES;
				IPHONEOS_DEPLOYMENT_TARGET = 17.4;
				LOCALIZATION_PREFERS_STRING_CATALOGS = YES;
				MTL_ENABLE_DEBUG_INFO = INCLUDE_SOURCE;
				MTL_FAST_MATH = YES;
				ONLY_ACTIVE_ARCH = YES;
				SDKROOT = iphoneos;
				SWIFT_ACTIVE_COMPILATION_CONDITIONS = "DEBUG $(inherited)";
				SWIFT_OPTIMIZATION_LEVEL = "-Onone";
			};
			name = Debug;
		};
		BCACC9362BACEE2A003F5D4B /* Release */ = {
			isa = XCBuildConfiguration;
			buildSettings = {
				ALWAYS_SEARCH_USER_PATHS = NO;
				ASSETCATALOG_COMPILER_GENERATE_SWIFT_ASSET_SYMBOL_EXTENSIONS = YES;
				CLANG_ANALYZER_NONNULL = YES;
				CLANG_ANALYZER_NUMBER_OBJECT_CONVERSION = YES_AGGRESSIVE;
				CLANG_CXX_LANGUAGE_STANDARD = "gnu++20";
				CLANG_ENABLE_MODULES = YES;
				CLANG_ENABLE_OBJC_ARC = YES;
				CLANG_ENABLE_OBJC_WEAK = YES;
				CLANG_WARN_BLOCK_CAPTURE_AUTORELEASING = YES;
				CLANG_WARN_BOOL_CONVERSION = YES;
				CLANG_WARN_COMMA = YES;
				CLANG_WARN_CONSTANT_CONVERSION = YES;
				CLANG_WARN_DEPRECATED_OBJC_IMPLEMENTATIONS = YES;
				CLANG_WARN_DIRECT_OBJC_ISA_USAGE = YES_ERROR;
				CLANG_WARN_DOCUMENTATION_COMMENTS = YES;
				CLANG_WARN_EMPTY_BODY = YES;
				CLANG_WARN_ENUM_CONVERSION = YES;
				CLANG_WARN_INFINITE_RECURSION = YES;
				CLANG_WARN_INT_CONVERSION = YES;
				CLANG_WARN_NON_LITERAL_NULL_CONVERSION = YES;
				CLANG_WARN_OBJC_IMPLICIT_RETAIN_SELF = YES;
				CLANG_WARN_OBJC_LITERAL_CONVERSION = YES;
				CLANG_WARN_OBJC_ROOT_CLASS = YES_ERROR;
				CLANG_WARN_QUOTED_INCLUDE_IN_FRAMEWORK_HEADER = YES;
				CLANG_WARN_RANGE_LOOP_ANALYSIS = YES;
				CLANG_WARN_STRICT_PROTOTYPES = YES;
				CLANG_WARN_SUSPICIOUS_MOVE = YES;
				CLANG_WARN_UNGUARDED_AVAILABILITY = YES_AGGRESSIVE;
				CLANG_WARN_UNREACHABLE_CODE = YES;
				CLANG_WARN__DUPLICATE_METHOD_MATCH = YES;
				COPY_PHASE_STRIP = NO;
				DEBUG_INFORMATION_FORMAT = "dwarf-with-dsym";
				ENABLE_NS_ASSERTIONS = NO;
				ENABLE_STRICT_OBJC_MSGSEND = YES;
				ENABLE_USER_SCRIPT_SANDBOXING = YES;
				GCC_C_LANGUAGE_STANDARD = gnu17;
				GCC_NO_COMMON_BLOCKS = YES;
				GCC_WARN_64_TO_32_BIT_CONVERSION = YES;
				GCC_WARN_ABOUT_RETURN_TYPE = YES_ERROR;
				GCC_WARN_UNDECLARED_SELECTOR = YES;
				GCC_WARN_UNINITIALIZED_AUTOS = YES_AGGRESSIVE;
				GCC_WARN_UNUSED_FUNCTION = YES;
				GCC_WARN_UNUSED_VARIABLE = YES;
				IPHONEOS_DEPLOYMENT_TARGET = 17.4;
				LOCALIZATION_PREFERS_STRING_CATALOGS = YES;
				MTL_ENABLE_DEBUG_INFO = NO;
				MTL_FAST_MATH = YES;
				SDKROOT = iphoneos;
				SWIFT_COMPILATION_MODE = wholemodule;
				VALIDATE_PRODUCT = YES;
			};
			name = Release;
		};
		BCACC9382BACEE2A003F5D4B /* Debug */ = {
			isa = XCBuildConfiguration;
			buildSettings = {
				ASSETCATALOG_COMPILER_APPICON_NAME = AppIcon;
				ASSETCATALOG_COMPILER_GLOBAL_ACCENT_COLOR_NAME = AccentColor;
				CODE_SIGN_STYLE = Automatic;
				CURRENT_PROJECT_VERSION = 1;
				DEVELOPMENT_ASSET_PATHS = "\"mealdb/Preview Content\"";
				DEVELOPMENT_TEAM = 95H8772G6W;
				ENABLE_PREVIEWS = YES;
				GENERATE_INFOPLIST_FILE = YES;
				INFOPLIST_KEY_UIApplicationSceneManifest_Generation = YES;
				INFOPLIST_KEY_UIApplicationSupportsIndirectInputEvents = YES;
				INFOPLIST_KEY_UILaunchScreen_Generation = YES;
				INFOPLIST_KEY_UILaunchStoryboardName = "";
				INFOPLIST_KEY_UISupportedInterfaceOrientations_iPad = "UIInterfaceOrientationPortrait UIInterfaceOrientationPortraitUpsideDown UIInterfaceOrientationLandscapeLeft UIInterfaceOrientationLandscapeRight";
				INFOPLIST_KEY_UISupportedInterfaceOrientations_iPhone = "UIInterfaceOrientationPortrait UIInterfaceOrientationLandscapeLeft UIInterfaceOrientationLandscapeRight";
				IPHONEOS_DEPLOYMENT_TARGET = 15.0;
				LD_RUNPATH_SEARCH_PATHS = (
					"$(inherited)",
					"@executable_path/Frameworks",
				);
				MARKETING_VERSION = 1.0;
				PRODUCT_BUNDLE_IDENTIFIER = com.ankit.mealdb;
				PRODUCT_NAME = "$(TARGET_NAME)";
				SWIFT_EMIT_LOC_STRINGS = YES;
				SWIFT_VERSION = 5.0;
				TARGETED_DEVICE_FAMILY = "1,2";
			};
			name = Debug;
		};
		BCACC9392BACEE2A003F5D4B /* Release */ = {
			isa = XCBuildConfiguration;
			buildSettings = {
				ASSETCATALOG_COMPILER_APPICON_NAME = AppIcon;
				ASSETCATALOG_COMPILER_GLOBAL_ACCENT_COLOR_NAME = AccentColor;
				CODE_SIGN_STYLE = Automatic;
				CURRENT_PROJECT_VERSION = 1;
				DEVELOPMENT_ASSET_PATHS = "\"mealdb/Preview Content\"";
				DEVELOPMENT_TEAM = 95H8772G6W;
				ENABLE_PREVIEWS = YES;
				GENERATE_INFOPLIST_FILE = YES;
				INFOPLIST_KEY_UIApplicationSceneManifest_Generation = YES;
				INFOPLIST_KEY_UIApplicationSupportsIndirectInputEvents = YES;
				INFOPLIST_KEY_UILaunchScreen_Generation = YES;
				INFOPLIST_KEY_UILaunchStoryboardName = "";
				INFOPLIST_KEY_UISupportedInterfaceOrientations_iPad = "UIInterfaceOrientationPortrait UIInterfaceOrientationPortraitUpsideDown UIInterfaceOrientationLandscapeLeft UIInterfaceOrientationLandscapeRight";
				INFOPLIST_KEY_UISupportedInterfaceOrientations_iPhone = "UIInterfaceOrientationPortrait UIInterfaceOrientationLandscapeLeft UIInterfaceOrientationLandscapeRight";
				IPHONEOS_DEPLOYMENT_TARGET = 15.0;
				LD_RUNPATH_SEARCH_PATHS = (
					"$(inherited)",
					"@executable_path/Frameworks",
				);
				MARKETING_VERSION = 1.0;
				PRODUCT_BUNDLE_IDENTIFIER = com.ankit.mealdb;
				PRODUCT_NAME = "$(TARGET_NAME)";
				SWIFT_EMIT_LOC_STRINGS = YES;
				SWIFT_VERSION = 5.0;
				TARGETED_DEVICE_FAMILY = "1,2";
			};
			name = Release;
		};
		BCACC93B2BACEE2A003F5D4B /* Debug */ = {
			isa = XCBuildConfiguration;
			buildSettings = {
				ALWAYS_EMBED_SWIFT_STANDARD_LIBRARIES = YES;
				BUNDLE_LOADER = "$(TEST_HOST)";
				CODE_SIGN_STYLE = Automatic;
				CURRENT_PROJECT_VERSION = 1;
				DEVELOPMENT_TEAM = 95H8772G6W;
				GENERATE_INFOPLIST_FILE = YES;
				IPHONEOS_DEPLOYMENT_TARGET = 17.4;
				MARKETING_VERSION = 1.0;
				PRODUCT_BUNDLE_IDENTIFIER = com.ankit.mealdbTests;
				PRODUCT_NAME = "$(TARGET_NAME)";
				SWIFT_EMIT_LOC_STRINGS = NO;
				SWIFT_VERSION = 5.0;
				TARGETED_DEVICE_FAMILY = "1,2";
				TEST_HOST = "$(BUILT_PRODUCTS_DIR)/mealdb.app/$(BUNDLE_EXECUTABLE_FOLDER_PATH)/mealdb";
			};
			name = Debug;
		};
		BCACC93C2BACEE2A003F5D4B /* Release */ = {
			isa = XCBuildConfiguration;
			buildSettings = {
				ALWAYS_EMBED_SWIFT_STANDARD_LIBRARIES = YES;
				BUNDLE_LOADER = "$(TEST_HOST)";
				CODE_SIGN_STYLE = Automatic;
				CURRENT_PROJECT_VERSION = 1;
				DEVELOPMENT_TEAM = 95H8772G6W;
				GENERATE_INFOPLIST_FILE = YES;
				IPHONEOS_DEPLOYMENT_TARGET = 17.4;
				MARKETING_VERSION = 1.0;
				PRODUCT_BUNDLE_IDENTIFIER = com.ankit.mealdbTests;
				PRODUCT_NAME = "$(TARGET_NAME)";
				SWIFT_EMIT_LOC_STRINGS = NO;
				SWIFT_VERSION = 5.0;
				TARGETED_DEVICE_FAMILY = "1,2";
				TEST_HOST = "$(BUILT_PRODUCTS_DIR)/mealdb.app/$(BUNDLE_EXECUTABLE_FOLDER_PATH)/mealdb";
			};
			name = Release;
		};
		BCACC93E2BACEE2A003F5D4B /* Debug */ = {
			isa = XCBuildConfiguration;
			buildSettings = {
				ALWAYS_EMBED_SWIFT_STANDARD_LIBRARIES = YES;
				CODE_SIGN_STYLE = Automatic;
				CURRENT_PROJECT_VERSION = 1;
				DEVELOPMENT_TEAM = 95H8772G6W;
				GENERATE_INFOPLIST_FILE = YES;
				MARKETING_VERSION = 1.0;
				PRODUCT_BUNDLE_IDENTIFIER = com.ankit.mealdbUITests;
				PRODUCT_NAME = "$(TARGET_NAME)";
				SWIFT_EMIT_LOC_STRINGS = NO;
				SWIFT_VERSION = 5.0;
				TARGETED_DEVICE_FAMILY = "1,2";
				TEST_TARGET_NAME = mealdb;
			};
			name = Debug;
		};
		BCACC93F2BACEE2A003F5D4B /* Release */ = {
			isa = XCBuildConfiguration;
			buildSettings = {
				ALWAYS_EMBED_SWIFT_STANDARD_LIBRARIES = YES;
				CODE_SIGN_STYLE = Automatic;
				CURRENT_PROJECT_VERSION = 1;
				DEVELOPMENT_TEAM = 95H8772G6W;
				GENERATE_INFOPLIST_FILE = YES;
				MARKETING_VERSION = 1.0;
				PRODUCT_BUNDLE_IDENTIFIER = com.ankit.mealdbUITests;
				PRODUCT_NAME = "$(TARGET_NAME)";
				SWIFT_EMIT_LOC_STRINGS = NO;
				SWIFT_VERSION = 5.0;
				TARGETED_DEVICE_FAMILY = "1,2";
				TEST_TARGET_NAME = mealdb;
			};
			name = Release;
		};
/* End XCBuildConfiguration section */

/* Begin XCConfigurationList section */
		BCACC90E2BACEE28003F5D4B /* Build configuration list for PBXProject "mealdb" */ = {
			isa = XCConfigurationList;
			buildConfigurations = (
				BCACC9352BACEE2A003F5D4B /* Debug */,
				BCACC9362BACEE2A003F5D4B /* Release */,
			);
			defaultConfigurationIsVisible = 0;
			defaultConfigurationName = Release;
		};
		BCACC9372BACEE2A003F5D4B /* Build configuration list for PBXNativeTarget "mealdb" */ = {
			isa = XCConfigurationList;
			buildConfigurations = (
				BCACC9382BACEE2A003F5D4B /* Debug */,
				BCACC9392BACEE2A003F5D4B /* Release */,
			);
			defaultConfigurationIsVisible = 0;
			defaultConfigurationName = Release;
		};
		BCACC93A2BACEE2A003F5D4B /* Build configuration list for PBXNativeTarget "mealdbTests" */ = {
			isa = XCConfigurationList;
			buildConfigurations = (
				BCACC93B2BACEE2A003F5D4B /* Debug */,
				BCACC93C2BACEE2A003F5D4B /* Release */,
			);
			defaultConfigurationIsVisible = 0;
			defaultConfigurationName = Release;
		};
		BCACC93D2BACEE2A003F5D4B /* Build configuration list for PBXNativeTarget "mealdbUITests" */ = {
			isa = XCConfigurationList;
			buildConfigurations = (
				BCACC93E2BACEE2A003F5D4B /* Debug */,
				BCACC93F2BACEE2A003F5D4B /* Release */,
			);
			defaultConfigurationIsVisible = 0;
			defaultConfigurationName = Release;
		};
/* End XCConfigurationList section */
	};
	rootObject = BCACC90B2BACEE28003F5D4B /* Project object */;
}
